
Microsoft Visual Studio Solution File, Format Version 12.00
# Visual Studio 15
VisualStudioVersion = 15.0.26228.9
MinimumVisualStudioVersion = 10.0.40219.1
Project("{FAE04EC0-301F-11D3-BF4B-00C04F79EFBC}") = "SeriesHandler.Database.Proxy", "SeriesHandler.Database.Proxy\SeriesHandler.Database.Proxy.csproj", "{0833F407-1086-4724-A845-4F4E43EDB66D}"
EndProject
Project("{FAE04EC0-301F-11D3-BF4B-00C04F79EFBC}") = "SeriesHandler.WebApi", "SeriesHandler.WebApi\SeriesHandler.WebApi.csproj", "{D3CE0F6B-12CC-4C28-A7B2-42C1F382A119}"
EndProject
Project("{FAE04EC0-301F-11D3-BF4B-00C04F79EFBC}") = "SeriesHandler.Database.Connector", "SeriesHandler.Database.Connector\SeriesHandler.Database.Connector.csproj", "{63810182-2B35-4EB6-AE87-115EC81D1447}"
EndProject
Project("{FAE04EC0-301F-11D3-BF4B-00C04F79EFBC}") = "Testing", "Testing\Testing.csproj", "{5C02CFEF-403B-4DFD-9856-187AAF5D88F0}"
EndProject
Project("{2150E333-8FDC-42A3-9474-1A3956D46DE8}") = "MigrationScripts", "MigrationScripts", "{6C7CCDAB-295F-4671-A60B-E8D6D7A33771}"
	ProjectSection(SolutionItems) = preProject
		Script1.sql = Script1.sql
	EndProjectSection
EndProject
Project("{FAE04EC0-301F-11D3-BF4B-00C04F79EFBC}") = "SeriesHandler.Web.Site", "SeriesHandler.Web.Site\SeriesHandler.Web.Site.csproj", "{B784F46D-EA11-411E-ADFA-5C02A9B536F2}"
EndProject
Project("{FAE04EC0-301F-11D3-BF4B-00C04F79EFBC}") = "ServerLibrary", "SeriesHandler.Web.Library\ServerLibrary.csproj", "{A680AF53-18B7-4635-91E0-3CA8BA762230}"
EndProject
Global
	GlobalSection(SolutionConfigurationPlatforms) = preSolution
		Debug|Any CPU = Debug|Any CPU
		Release|Any CPU = Release|Any CPU
	EndGlobalSection
	GlobalSection(ProjectConfigurationPlatforms) = postSolution
		{0833F407-1086-4724-A845-4F4E43EDB66D}.Debug|Any CPU.ActiveCfg = Debug|Any CPU
		{0833F407-1086-4724-A845-4F4E43EDB66D}.Debug|Any CPU.Build.0 = Debug|Any CPU
		{0833F407-1086-4724-A845-4F4E43EDB66D}.Release|Any CPU.ActiveCfg = Release|Any CPU
		{0833F407-1086-4724-A845-4F4E43EDB66D}.Release|Any CPU.Build.0 = Release|Any CPU
		{D3CE0F6B-12CC-4C28-A7B2-42C1F382A119}.Debug|Any CPU.ActiveCfg = Debug|Any CPU
		{D3CE0F6B-12CC-4C28-A7B2-42C1F382A119}.Debug|Any CPU.Build.0 = Debug|Any CPU
		{D3CE0F6B-12CC-4C28-A7B2-42C1F382A119}.Release|Any CPU.ActiveCfg = Release|Any CPU
		{D3CE0F6B-12CC-4C28-A7B2-42C1F382A119}.Release|Any CPU.Build.0 = Release|Any CPU
		{63810182-2B35-4EB6-AE87-115EC81D1447}.Debug|Any CPU.ActiveCfg = Debug|Any CPU
		{63810182-2B35-4EB6-AE87-115EC81D1447}.Debug|Any CPU.Build.0 = Debug|Any CPU
		{63810182-2B35-4EB6-AE87-115EC81D1447}.Release|Any CPU.ActiveCfg = Release|Any CPU
		{63810182-2B35-4EB6-AE87-115EC81D1447}.Release|Any CPU.Build.0 = Release|Any CPU
		{5C02CFEF-403B-4DFD-9856-187AAF5D88F0}.Debug|Any CPU.ActiveCfg = Debug|Any CPU
		{5C02CFEF-403B-4DFD-9856-187AAF5D88F0}.Debug|Any CPU.Build.0 = Debug|Any CPU
		{5C02CFEF-403B-4DFD-9856-187AAF5D88F0}.Release|Any CPU.ActiveCfg = Release|Any CPU
		{5C02CFEF-403B-4DFD-9856-187AAF5D88F0}.Release|Any CPU.Build.0 = Release|Any CPU
		{B784F46D-EA11-411E-ADFA-5C02A9B536F2}.Debug|Any CPU.ActiveCfg = Debug|Any CPU
		{B784F46D-EA11-411E-ADFA-5C02A9B536F2}.Debug|Any CPU.Build.0 = Debug|Any CPU
		{B784F46D-EA11-411E-ADFA-5C02A9B536F2}.Release|Any CPU.ActiveCfg = Release|Any CPU
		{B784F46D-EA11-411E-ADFA-5C02A9B536F2}.Release|Any CPU.Build.0 = Release|Any CPU
		{A680AF53-18B7-4635-91E0-3CA8BA762230}.Debug|Any CPU.ActiveCfg = Debug|Any CPU
		{A680AF53-18B7-4635-91E0-3CA8BA762230}.Debug|Any CPU.Build.0 = Debug|Any CPU
		{A680AF53-18B7-4635-91E0-3CA8BA762230}.Release|Any CPU.ActiveCfg = Release|Any CPU
		{A680AF53-18B7-4635-91E0-3CA8BA762230}.Release|Any CPU.Build.0 = Release|Any CPU
	EndGlobalSection
	GlobalSection(SolutionProperties) = preSolution
		HideSolutionNode = FALSE
	EndGlobalSection
EndGlobal
